<?xml version="1.0" encoding="utf-8"?>
<Project ToolsVersion="4.0" xmlns="http://schemas.microsoft.com/developer/msbuild/2003">
  <ItemGroup>
    <ClCompile Include="..\main.cpp">
      <Filter>Source Files</Filter>
    </ClCompile>
    <ClCompile Include="..\OVR_PlatformLoader.cpp">
      <Filter>Source Files</Filter>
    </ClCompile>
  </ItemGroup>
  <ItemGroup>
    <ClInclude Include="..\AvatarManager.h">
      <Filter>Source Files</Filter>
    </ClInclude>
    <ClInclude Include="..\Win32_GLAppUtil.h">
      <Filter>Source Files</Filter>
    </ClInclude>
    <ClInclude Include="..\SceneManager.h">
      <Filter>Source Files</Filter>
    </ClInclude>
  </ItemGroup>
  <ItemGroup>
    <Filter Include="GLE">
      <UniqueIdentifier>{350d0df2-6c96-486d-82d9-786aa05d811b}</UniqueIdentifier>
    </Filter>
    <Filter Include="Source Files">
      <UniqueIdentifier>{de2fcf75-9978-472d-8923-42def1d43b3c}</UniqueIdentifier>
    </Filter>
    <Filter Include="Shaders">
      <UniqueIdentifier>{ff35f6b4-6310-4a06-ac52-f2aec7b63221}</UniqueIdentifier>
    </Filter>
  </ItemGroup>
  <ItemGroup>
    <None Include="..\Shaders\AvatarFragmentShader.glsl">
      <Filter>Shaders</Filter>
    </None>
    <None Include="..\Shaders\AvatarFragmentShader_CombinedMesh.glsl">
      <Filter>Shaders</Filter>
    </None>
    <None Include="..\Shaders\AvatarFragmentShaderPBS.glsl">
      <Filter>Shaders</Filter>
    </None>
    <None Include="..\Shaders\AvatarVertexShader.glsl">
      <Filter>Shaders</Filter>
    </None>
  </ItemGroup>
</Project>